
Microsoft Visual Studio Solution File, Format Version 12.00
# Visual Studio 2013
VisualStudioVersion = 12.0.31101.0
MinimumVisualStudioVersion = 10.0.40219.1
Project("{8BC9CEB8-8B4A-11D0-8D11-00A0C91BC942}") = "yolang", "yolang\yolang.vcxproj", "{5B59B4DF-BCC0-4A3B-8343-6515AFCDE429}"
EndProject
Project("{8BC9CEB8-8B4A-11D0-8D11-00A0C91BC942}") = "yolang-llvm", "yolang-llvm\yolang-llvm.vcxproj", "{4FBB23B4-E92D-46A4-8DF0-B629D222B604}"
	ProjectSection(ProjectDependencies) = postProject
		{7B2B510F-C3D7-41F7-BFA7-71DCFECF0BA4} = {7B2B510F-C3D7-41F7-BFA7-71DCFECF0BA4}
		{A4B44116-C548-4809-ACA1-0BCCB000B9FB} = {A4B44116-C548-4809-ACA1-0BCCB000B9FB}
		{1BE97E35-3A7C-49C4-8C71-F59ABC8FE511} = {1BE97E35-3A7C-49C4-8C71-F59ABC8FE511}
		{F0B0FE3B-AEA6-46BC-8481-A6003CC43C58} = {F0B0FE3B-AEA6-46BC-8481-A6003CC43C58}
		{EEEF9F46-265C-46D2-9608-4F72A0BA009A} = {EEEF9F46-265C-46D2-9608-4F72A0BA009A}
		{89F2F64B-51D6-48DD-BE67-4A247ABC69ED} = {89F2F64B-51D6-48DD-BE67-4A247ABC69ED}
		{712ACB4D-0FC5-4DC1-ADE1-E20FE7F5E02A} = {712ACB4D-0FC5-4DC1-ADE1-E20FE7F5E02A}
		{0E62B650-3054-474C-8E90-B84EAB85C1F9} = {0E62B650-3054-474C-8E90-B84EAB85C1F9}
		{155EB351-173A-4737-9B0C-D676F090CB59} = {155EB351-173A-4737-9B0C-D676F090CB59}
		{9E29805D-3686-4873-8D7C-3708F8A6F5AA} = {9E29805D-3686-4873-8D7C-3708F8A6F5AA}
		{38C9F85D-590D-4042-9242-8EDA45857C10} = {38C9F85D-590D-4042-9242-8EDA45857C10}
		{68BC2661-37DB-46E5-B635-8B193644B738} = {68BC2661-37DB-46E5-B635-8B193644B738}
		{E7AF0373-646F-427A-90C3-2B48C31AD862} = {E7AF0373-646F-427A-90C3-2B48C31AD862}
		{7E822775-FD04-4579-9EBF-576A9B2BC56D} = {7E822775-FD04-4579-9EBF-576A9B2BC56D}
		{DC78EC76-619A-475A-B519-F1EFE8F2CBD6} = {DC78EC76-619A-475A-B519-F1EFE8F2CBD6}
		{145EE07C-B891-4FA3-968A-588FD642DF97} = {145EE07C-B891-4FA3-968A-588FD642DF97}
		{08508992-F168-47FC-BAFD-A3BD584D30DE} = {08508992-F168-47FC-BAFD-A3BD584D30DE}
		{57B6C094-DA79-4957-9BA1-0715A4FEBFB3} = {57B6C094-DA79-4957-9BA1-0715A4FEBFB3}
		{76ED219E-34FE-434A-801D-058B3871DA46} = {76ED219E-34FE-434A-801D-058B3871DA46}
		{236CB4A9-D6B5-4AE5-A706-C6CDA0C2B58B} = {236CB4A9-D6B5-4AE5-A706-C6CDA0C2B58B}
		{CA5203BA-D00B-4F3E-B692-FA56542F58B2} = {CA5203BA-D00B-4F3E-B692-FA56542F58B2}
		{8FA9BAC1-EBF7-4737-A6CF-C131AF7EB502} = {8FA9BAC1-EBF7-4737-A6CF-C131AF7EB502}
		{06814CD0-1F4C-442A-97FE-91F563296BC5} = {06814CD0-1F4C-442A-97FE-91F563296BC5}
		{A9D57AE7-E7ED-4131-89D6-F772832ADC76} = {A9D57AE7-E7ED-4131-89D6-F772832ADC76}
		{C701A6EB-44C4-4F3D-AADF-68560B555059} = {C701A6EB-44C4-4F3D-AADF-68560B555059}
		{0D039FF1-442D-4D91-A7F3-668751DBAFEF} = {0D039FF1-442D-4D91-A7F3-668751DBAFEF}
		{364788FA-0373-43A1-8008-1DC8534C61E8} = {364788FA-0373-43A1-8008-1DC8534C61E8}
	EndProjectSection
EndProject
Project("{8BC9CEB8-8B4A-11D0-8D11-00A0C91BC942}") = "ALL_BUILD", "..\3rdparty\llvm\mybuilddir\ALL_BUILD.vcxproj", "{4604D2C8-7D69-4173-A90F-EDB462B71263}"
EndProject
Project("{8BC9CEB8-8B4A-11D0-8D11-00A0C91BC942}") = "LLVMAnalysis", "..\3rdparty\llvm\mybuilddir\lib\Analysis\LLVMAnalysis.vcxproj", "{712ACB4D-0FC5-4DC1-ADE1-E20FE7F5E02A}"
EndProject
Project("{8BC9CEB8-8B4A-11D0-8D11-00A0C91BC942}") = "LLVMAsmPrinter", "..\3rdparty\llvm\mybuilddir\lib\CodeGen\AsmPrinter\LLVMAsmPrinter.vcxproj", "{76ED219E-34FE-434A-801D-058B3871DA46}"
EndProject
Project("{8BC9CEB8-8B4A-11D0-8D11-00A0C91BC942}") = "LLVMBitReader", "..\3rdparty\llvm\mybuilddir\lib\Bitcode\Reader\LLVMBitReader.vcxproj", "{236CB4A9-D6B5-4AE5-A706-C6CDA0C2B58B}"
EndProject
Project("{8BC9CEB8-8B4A-11D0-8D11-00A0C91BC942}") = "LLVMCodeGen", "..\3rdparty\llvm\mybuilddir\lib\CodeGen\LLVMCodeGen.vcxproj", "{9E29805D-3686-4873-8D7C-3708F8A6F5AA}"
EndProject
Project("{8BC9CEB8-8B4A-11D0-8D11-00A0C91BC942}") = "LLVMCore", "..\3rdparty\llvm\mybuilddir\lib\IR\LLVMCore.vcxproj", "{145EE07C-B891-4FA3-968A-588FD642DF97}"
EndProject
Project("{8BC9CEB8-8B4A-11D0-8D11-00A0C91BC942}") = "LLVMExecutionEngine", "..\3rdparty\llvm\mybuilddir\lib\ExecutionEngine\LLVMExecutionEngine.vcxproj", "{08508992-F168-47FC-BAFD-A3BD584D30DE}"
EndProject
Project("{8BC9CEB8-8B4A-11D0-8D11-00A0C91BC942}") = "LLVMInstCombine", "..\3rdparty\llvm\mybuilddir\lib\Transforms\InstCombine\LLVMInstCombine.vcxproj", "{F0B0FE3B-AEA6-46BC-8481-A6003CC43C58}"
EndProject
Project("{8BC9CEB8-8B4A-11D0-8D11-00A0C91BC942}") = "LLVMipa", "..\3rdparty\llvm\mybuilddir\lib\Analysis\IPA\LLVMipa.vcxproj", "{DC78EC76-619A-475A-B519-F1EFE8F2CBD6}"
EndProject
Project("{8BC9CEB8-8B4A-11D0-8D11-00A0C91BC942}") = "LLVMMC", "..\3rdparty\llvm\mybuilddir\lib\MC\LLVMMC.vcxproj", "{0D039FF1-442D-4D91-A7F3-668751DBAFEF}"
EndProject
Project("{8BC9CEB8-8B4A-11D0-8D11-00A0C91BC942}") = "LLVMMCDisassembler", "..\3rdparty\llvm\mybuilddir\lib\MC\MCDisassembler\LLVMMCDisassembler.vcxproj", "{06814CD0-1F4C-442A-97FE-91F563296BC5}"
EndProject
Project("{8BC9CEB8-8B4A-11D0-8D11-00A0C91BC942}") = "LLVMMCJIT", "..\3rdparty\llvm\mybuilddir\lib\ExecutionEngine\MCJIT\LLVMMCJIT.vcxproj", "{1BE97E35-3A7C-49C4-8C71-F59ABC8FE511}"
EndProject
Project("{8BC9CEB8-8B4A-11D0-8D11-00A0C91BC942}") = "LLVMMCParser", "..\3rdparty\llvm\mybuilddir\lib\MC\MCParser\LLVMMCParser.vcxproj", "{A4B44116-C548-4809-ACA1-0BCCB000B9FB}"
EndProject
Project("{8BC9CEB8-8B4A-11D0-8D11-00A0C91BC942}") = "LLVMObject", "..\3rdparty\llvm\mybuilddir\lib\Object\LLVMObject.vcxproj", "{38C9F85D-590D-4042-9242-8EDA45857C10}"
EndProject
Project("{8BC9CEB8-8B4A-11D0-8D11-00A0C91BC942}") = "LLVMProfileData", "..\3rdparty\llvm\mybuilddir\lib\ProfileData\LLVMProfileData.vcxproj", "{A9D57AE7-E7ED-4131-89D6-F772832ADC76}"
EndProject
Project("{8BC9CEB8-8B4A-11D0-8D11-00A0C91BC942}") = "LLVMRuntimeDyld", "..\3rdparty\llvm\mybuilddir\lib\ExecutionEngine\RuntimeDyld\LLVMRuntimeDyld.vcxproj", "{C701A6EB-44C4-4F3D-AADF-68560B555059}"
EndProject
Project("{8BC9CEB8-8B4A-11D0-8D11-00A0C91BC942}") = "LLVMScalarOpts", "..\3rdparty\llvm\mybuilddir\lib\Transforms\Scalar\LLVMScalarOpts.vcxproj", "{E7AF0373-646F-427A-90C3-2B48C31AD862}"
EndProject
Project("{8BC9CEB8-8B4A-11D0-8D11-00A0C91BC942}") = "LLVMSelectionDAG", "..\3rdparty\llvm\mybuilddir\lib\CodeGen\SelectionDAG\LLVMSelectionDAG.vcxproj", "{0E62B650-3054-474C-8E90-B84EAB85C1F9}"
EndProject
Project("{8BC9CEB8-8B4A-11D0-8D11-00A0C91BC942}") = "LLVMSupport", "..\3rdparty\llvm\mybuilddir\lib\Support\LLVMSupport.vcxproj", "{57B6C094-DA79-4957-9BA1-0715A4FEBFB3}"
EndProject
Project("{8BC9CEB8-8B4A-11D0-8D11-00A0C91BC942}") = "LLVMTarget", "..\3rdparty\llvm\mybuilddir\lib\Target\LLVMTarget.vcxproj", "{7E822775-FD04-4579-9EBF-576A9B2BC56D}"
EndProject
Project("{8BC9CEB8-8B4A-11D0-8D11-00A0C91BC942}") = "LLVMTransformUtils", "..\3rdparty\llvm\mybuilddir\lib\Transforms\Utils\LLVMTransformUtils.vcxproj", "{8FA9BAC1-EBF7-4737-A6CF-C131AF7EB502}"
EndProject
Project("{8BC9CEB8-8B4A-11D0-8D11-00A0C91BC942}") = "LLVMX86AsmParser", "..\3rdparty\llvm\mybuilddir\lib\Target\X86\AsmParser\LLVMX86AsmParser.vcxproj", "{68BC2661-37DB-46E5-B635-8B193644B738}"
EndProject
Project("{8BC9CEB8-8B4A-11D0-8D11-00A0C91BC942}") = "LLVMX86CodeGen", "..\3rdparty\llvm\mybuilddir\lib\Target\X86\LLVMX86CodeGen.vcxproj", "{364788FA-0373-43A1-8008-1DC8534C61E8}"
EndProject
Project("{8BC9CEB8-8B4A-11D0-8D11-00A0C91BC942}") = "LLVMX86Desc", "..\3rdparty\llvm\mybuilddir\lib\Target\X86\MCTargetDesc\LLVMX86Desc.vcxproj", "{155EB351-173A-4737-9B0C-D676F090CB59}"
EndProject
Project("{8BC9CEB8-8B4A-11D0-8D11-00A0C91BC942}") = "LLVMX86Disassembler", "..\3rdparty\llvm\mybuilddir\lib\Target\X86\Disassembler\LLVMX86Disassembler.vcxproj", "{89F2F64B-51D6-48DD-BE67-4A247ABC69ED}"
EndProject
Project("{8BC9CEB8-8B4A-11D0-8D11-00A0C91BC942}") = "LLVMX86Info", "..\3rdparty\llvm\mybuilddir\lib\Target\X86\TargetInfo\LLVMX86Info.vcxproj", "{EEEF9F46-265C-46D2-9608-4F72A0BA009A}"
EndProject
Project("{8BC9CEB8-8B4A-11D0-8D11-00A0C91BC942}") = "LLVMX86Utils", "..\3rdparty\llvm\mybuilddir\lib\Target\X86\Utils\LLVMX86Utils.vcxproj", "{7B2B510F-C3D7-41F7-BFA7-71DCFECF0BA4}"
EndProject
Project("{8BC9CEB8-8B4A-11D0-8D11-00A0C91BC942}") = "ZERO_CHECK", "..\3rdparty\llvm\mybuilddir\ZERO_CHECK.vcxproj", "{CA5203BA-D00B-4F3E-B692-FA56542F58B2}"
EndProject
Project("{8BC9CEB8-8B4A-11D0-8D11-00A0C91BC942}") = "LLVMX86AsmPrinter", "..\3rdparty\llvm\mybuilddir\lib\Target\X86\InstPrinter\LLVMX86AsmPrinter.vcxproj", "{437B48EC-1EA2-4087-A91D-B2EB883B0EC8}"
EndProject
Global
	GlobalSection(SolutionConfigurationPlatforms) = preSolution
		Debug|Win32 = Debug|Win32
		MinSizeRel|Win32 = MinSizeRel|Win32
		Release|Win32 = Release|Win32
		RelWithDebInfo|Win32 = RelWithDebInfo|Win32
	EndGlobalSection
	GlobalSection(ProjectConfigurationPlatforms) = postSolution
		{5B59B4DF-BCC0-4A3B-8343-6515AFCDE429}.Debug|Win32.ActiveCfg = Debug|Win32
		{5B59B4DF-BCC0-4A3B-8343-6515AFCDE429}.Debug|Win32.Build.0 = Debug|Win32
		{5B59B4DF-BCC0-4A3B-8343-6515AFCDE429}.MinSizeRel|Win32.ActiveCfg = Release|Win32
		{5B59B4DF-BCC0-4A3B-8343-6515AFCDE429}.MinSizeRel|Win32.Build.0 = Release|Win32
		{5B59B4DF-BCC0-4A3B-8343-6515AFCDE429}.Release|Win32.ActiveCfg = Release|Win32
		{5B59B4DF-BCC0-4A3B-8343-6515AFCDE429}.Release|Win32.Build.0 = Release|Win32
		{5B59B4DF-BCC0-4A3B-8343-6515AFCDE429}.RelWithDebInfo|Win32.ActiveCfg = Release|Win32
		{5B59B4DF-BCC0-4A3B-8343-6515AFCDE429}.RelWithDebInfo|Win32.Build.0 = Release|Win32
		{4FBB23B4-E92D-46A4-8DF0-B629D222B604}.Debug|Win32.ActiveCfg = Debug|Win32
		{4FBB23B4-E92D-46A4-8DF0-B629D222B604}.Debug|Win32.Build.0 = Debug|Win32
		{4FBB23B4-E92D-46A4-8DF0-B629D222B604}.MinSizeRel|Win32.ActiveCfg = Release|Win32
		{4FBB23B4-E92D-46A4-8DF0-B629D222B604}.MinSizeRel|Win32.Build.0 = Release|Win32
		{4FBB23B4-E92D-46A4-8DF0-B629D222B604}.Release|Win32.ActiveCfg = Release|Win32
		{4FBB23B4-E92D-46A4-8DF0-B629D222B604}.Release|Win32.Build.0 = Release|Win32
		{4FBB23B4-E92D-46A4-8DF0-B629D222B604}.RelWithDebInfo|Win32.ActiveCfg = Release|Win32
		{4FBB23B4-E92D-46A4-8DF0-B629D222B604}.RelWithDebInfo|Win32.Build.0 = Release|Win32
		{4604D2C8-7D69-4173-A90F-EDB462B71263}.Debug|Win32.ActiveCfg = Debug|Win32
		{4604D2C8-7D69-4173-A90F-EDB462B71263}.Debug|Win32.Build.0 = Debug|Win32
		{4604D2C8-7D69-4173-A90F-EDB462B71263}.MinSizeRel|Win32.ActiveCfg = MinSizeRel|Win32
		{4604D2C8-7D69-4173-A90F-EDB462B71263}.MinSizeRel|Win32.Build.0 = MinSizeRel|Win32
		{4604D2C8-7D69-4173-A90F-EDB462B71263}.Release|Win32.ActiveCfg = Release|Win32
		{4604D2C8-7D69-4173-A90F-EDB462B71263}.Release|Win32.Build.0 = Release|Win32
		{4604D2C8-7D69-4173-A90F-EDB462B71263}.RelWithDebInfo|Win32.ActiveCfg = RelWithDebInfo|Win32
		{4604D2C8-7D69-4173-A90F-EDB462B71263}.RelWithDebInfo|Win32.Build.0 = RelWithDebInfo|Win32
		{712ACB4D-0FC5-4DC1-ADE1-E20FE7F5E02A}.Debug|Win32.ActiveCfg = Debug|Win32
		{712ACB4D-0FC5-4DC1-ADE1-E20FE7F5E02A}.Debug|Win32.Build.0 = Debug|Win32
		{712ACB4D-0FC5-4DC1-ADE1-E20FE7F5E02A}.MinSizeRel|Win32.ActiveCfg = MinSizeRel|Win32
		{712ACB4D-0FC5-4DC1-ADE1-E20FE7F5E02A}.MinSizeRel|Win32.Build.0 = MinSizeRel|Win32
		{712ACB4D-0FC5-4DC1-ADE1-E20FE7F5E02A}.Release|Win32.ActiveCfg = Release|Win32
		{712ACB4D-0FC5-4DC1-ADE1-E20FE7F5E02A}.Release|Win32.Build.0 = Release|Win32
		{712ACB4D-0FC5-4DC1-ADE1-E20FE7F5E02A}.RelWithDebInfo|Win32.ActiveCfg = RelWithDebInfo|Win32
		{712ACB4D-0FC5-4DC1-ADE1-E20FE7F5E02A}.RelWithDebInfo|Win32.Build.0 = RelWithDebInfo|Win32
		{76ED219E-34FE-434A-801D-058B3871DA46}.Debug|Win32.ActiveCfg = Debug|Win32
		{76ED219E-34FE-434A-801D-058B3871DA46}.Debug|Win32.Build.0 = Debug|Win32
		{76ED219E-34FE-434A-801D-058B3871DA46}.MinSizeRel|Win32.ActiveCfg = MinSizeRel|Win32
		{76ED219E-34FE-434A-801D-058B3871DA46}.MinSizeRel|Win32.Build.0 = MinSizeRel|Win32
		{76ED219E-34FE-434A-801D-058B3871DA46}.Release|Win32.ActiveCfg = Release|Win32
		{76ED219E-34FE-434A-801D-058B3871DA46}.Release|Win32.Build.0 = Release|Win32
		{76ED219E-34FE-434A-801D-058B3871DA46}.RelWithDebInfo|Win32.ActiveCfg = RelWithDebInfo|Win32
		{76ED219E-34FE-434A-801D-058B3871DA46}.RelWithDebInfo|Win32.Build.0 = RelWithDebInfo|Win32
		{236CB4A9-D6B5-4AE5-A706-C6CDA0C2B58B}.Debug|Win32.ActiveCfg = Debug|Win32
		{236CB4A9-D6B5-4AE5-A706-C6CDA0C2B58B}.Debug|Win32.Build.0 = Debug|Win32
		{236CB4A9-D6B5-4AE5-A706-C6CDA0C2B58B}.MinSizeRel|Win32.ActiveCfg = MinSizeRel|Win32
		{236CB4A9-D6B5-4AE5-A706-C6CDA0C2B58B}.MinSizeRel|Win32.Build.0 = MinSizeRel|Win32
		{236CB4A9-D6B5-4AE5-A706-C6CDA0C2B58B}.Release|Win32.ActiveCfg = Release|Win32
		{236CB4A9-D6B5-4AE5-A706-C6CDA0C2B58B}.Release|Win32.Build.0 = Release|Win32
		{236CB4A9-D6B5-4AE5-A706-C6CDA0C2B58B}.RelWithDebInfo|Win32.ActiveCfg = RelWithDebInfo|Win32
		{236CB4A9-D6B5-4AE5-A706-C6CDA0C2B58B}.RelWithDebInfo|Win32.Build.0 = RelWithDebInfo|Win32
		{9E29805D-3686-4873-8D7C-3708F8A6F5AA}.Debug|Win32.ActiveCfg = Debug|Win32
		{9E29805D-3686-4873-8D7C-3708F8A6F5AA}.Debug|Win32.Build.0 = Debug|Win32
		{9E29805D-3686-4873-8D7C-3708F8A6F5AA}.MinSizeRel|Win32.ActiveCfg = MinSizeRel|Win32
		{9E29805D-3686-4873-8D7C-3708F8A6F5AA}.MinSizeRel|Win32.Build.0 = MinSizeRel|Win32
		{9E29805D-3686-4873-8D7C-3708F8A6F5AA}.Release|Win32.ActiveCfg = Release|Win32
		{9E29805D-3686-4873-8D7C-3708F8A6F5AA}.Release|Win32.Build.0 = Release|Win32
		{9E29805D-3686-4873-8D7C-3708F8A6F5AA}.RelWithDebInfo|Win32.ActiveCfg = RelWithDebInfo|Win32
		{9E29805D-3686-4873-8D7C-3708F8A6F5AA}.RelWithDebInfo|Win32.Build.0 = RelWithDebInfo|Win32
		{145EE07C-B891-4FA3-968A-588FD642DF97}.Debug|Win32.ActiveCfg = Debug|Win32
		{145EE07C-B891-4FA3-968A-588FD642DF97}.Debug|Win32.Build.0 = Debug|Win32
		{145EE07C-B891-4FA3-968A-588FD642DF97}.MinSizeRel|Win32.ActiveCfg = MinSizeRel|Win32
		{145EE07C-B891-4FA3-968A-588FD642DF97}.MinSizeRel|Win32.Build.0 = MinSizeRel|Win32
		{145EE07C-B891-4FA3-968A-588FD642DF97}.Release|Win32.ActiveCfg = Release|Win32
		{145EE07C-B891-4FA3-968A-588FD642DF97}.Release|Win32.Build.0 = Release|Win32
		{145EE07C-B891-4FA3-968A-588FD642DF97}.RelWithDebInfo|Win32.ActiveCfg = RelWithDebInfo|Win32
		{145EE07C-B891-4FA3-968A-588FD642DF97}.RelWithDebInfo|Win32.Build.0 = RelWithDebInfo|Win32
		{08508992-F168-47FC-BAFD-A3BD584D30DE}.Debug|Win32.ActiveCfg = Debug|Win32
		{08508992-F168-47FC-BAFD-A3BD584D30DE}.Debug|Win32.Build.0 = Debug|Win32
		{08508992-F168-47FC-BAFD-A3BD584D30DE}.MinSizeRel|Win32.ActiveCfg = MinSizeRel|Win32
		{08508992-F168-47FC-BAFD-A3BD584D30DE}.MinSizeRel|Win32.Build.0 = MinSizeRel|Win32
		{08508992-F168-47FC-BAFD-A3BD584D30DE}.Release|Win32.ActiveCfg = Release|Win32
		{08508992-F168-47FC-BAFD-A3BD584D30DE}.Release|Win32.Build.0 = Release|Win32
		{08508992-F168-47FC-BAFD-A3BD584D30DE}.RelWithDebInfo|Win32.ActiveCfg = RelWithDebInfo|Win32
		{08508992-F168-47FC-BAFD-A3BD584D30DE}.RelWithDebInfo|Win32.Build.0 = RelWithDebInfo|Win32
		{F0B0FE3B-AEA6-46BC-8481-A6003CC43C58}.Debug|Win32.ActiveCfg = Debug|Win32
		{F0B0FE3B-AEA6-46BC-8481-A6003CC43C58}.Debug|Win32.Build.0 = Debug|Win32
		{F0B0FE3B-AEA6-46BC-8481-A6003CC43C58}.MinSizeRel|Win32.ActiveCfg = MinSizeRel|Win32
		{F0B0FE3B-AEA6-46BC-8481-A6003CC43C58}.MinSizeRel|Win32.Build.0 = MinSizeRel|Win32
		{F0B0FE3B-AEA6-46BC-8481-A6003CC43C58}.Release|Win32.ActiveCfg = Release|Win32
		{F0B0FE3B-AEA6-46BC-8481-A6003CC43C58}.Release|Win32.Build.0 = Release|Win32
		{F0B0FE3B-AEA6-46BC-8481-A6003CC43C58}.RelWithDebInfo|Win32.ActiveCfg = RelWithDebInfo|Win32
		{F0B0FE3B-AEA6-46BC-8481-A6003CC43C58}.RelWithDebInfo|Win32.Build.0 = RelWithDebInfo|Win32
		{DC78EC76-619A-475A-B519-F1EFE8F2CBD6}.Debug|Win32.ActiveCfg = Debug|Win32
		{DC78EC76-619A-475A-B519-F1EFE8F2CBD6}.Debug|Win32.Build.0 = Debug|Win32
		{DC78EC76-619A-475A-B519-F1EFE8F2CBD6}.MinSizeRel|Win32.ActiveCfg = MinSizeRel|Win32
		{DC78EC76-619A-475A-B519-F1EFE8F2CBD6}.MinSizeRel|Win32.Build.0 = MinSizeRel|Win32
		{DC78EC76-619A-475A-B519-F1EFE8F2CBD6}.Release|Win32.ActiveCfg = Release|Win32
		{DC78EC76-619A-475A-B519-F1EFE8F2CBD6}.Release|Win32.Build.0 = Release|Win32
		{DC78EC76-619A-475A-B519-F1EFE8F2CBD6}.RelWithDebInfo|Win32.ActiveCfg = RelWithDebInfo|Win32
		{DC78EC76-619A-475A-B519-F1EFE8F2CBD6}.RelWithDebInfo|Win32.Build.0 = RelWithDebInfo|Win32
		{0D039FF1-442D-4D91-A7F3-668751DBAFEF}.Debug|Win32.ActiveCfg = Debug|Win32
		{0D039FF1-442D-4D91-A7F3-668751DBAFEF}.Debug|Win32.Build.0 = Debug|Win32
		{0D039FF1-442D-4D91-A7F3-668751DBAFEF}.MinSizeRel|Win32.ActiveCfg = MinSizeRel|Win32
		{0D039FF1-442D-4D91-A7F3-668751DBAFEF}.MinSizeRel|Win32.Build.0 = MinSizeRel|Win32
		{0D039FF1-442D-4D91-A7F3-668751DBAFEF}.Release|Win32.ActiveCfg = Release|Win32
		{0D039FF1-442D-4D91-A7F3-668751DBAFEF}.Release|Win32.Build.0 = Release|Win32
		{0D039FF1-442D-4D91-A7F3-668751DBAFEF}.RelWithDebInfo|Win32.ActiveCfg = RelWithDebInfo|Win32
		{0D039FF1-442D-4D91-A7F3-668751DBAFEF}.RelWithDebInfo|Win32.Build.0 = RelWithDebInfo|Win32
		{06814CD0-1F4C-442A-97FE-91F563296BC5}.Debug|Win32.ActiveCfg = Debug|Win32
		{06814CD0-1F4C-442A-97FE-91F563296BC5}.Debug|Win32.Build.0 = Debug|Win32
		{06814CD0-1F4C-442A-97FE-91F563296BC5}.MinSizeRel|Win32.ActiveCfg = MinSizeRel|Win32
		{06814CD0-1F4C-442A-97FE-91F563296BC5}.MinSizeRel|Win32.Build.0 = MinSizeRel|Win32
		{06814CD0-1F4C-442A-97FE-91F563296BC5}.Release|Win32.ActiveCfg = Release|Win32
		{06814CD0-1F4C-442A-97FE-91F563296BC5}.Release|Win32.Build.0 = Release|Win32
		{06814CD0-1F4C-442A-97FE-91F563296BC5}.RelWithDebInfo|Win32.ActiveCfg = RelWithDebInfo|Win32
		{06814CD0-1F4C-442A-97FE-91F563296BC5}.RelWithDebInfo|Win32.Build.0 = RelWithDebInfo|Win32
		{1BE97E35-3A7C-49C4-8C71-F59ABC8FE511}.Debug|Win32.ActiveCfg = Debug|Win32
		{1BE97E35-3A7C-49C4-8C71-F59ABC8FE511}.Debug|Win32.Build.0 = Debug|Win32
		{1BE97E35-3A7C-49C4-8C71-F59ABC8FE511}.MinSizeRel|Win32.ActiveCfg = MinSizeRel|Win32
		{1BE97E35-3A7C-49C4-8C71-F59ABC8FE511}.MinSizeRel|Win32.Build.0 = MinSizeRel|Win32
		{1BE97E35-3A7C-49C4-8C71-F59ABC8FE511}.Release|Win32.ActiveCfg = Release|Win32
		{1BE97E35-3A7C-49C4-8C71-F59ABC8FE511}.Release|Win32.Build.0 = Release|Win32
		{1BE97E35-3A7C-49C4-8C71-F59ABC8FE511}.RelWithDebInfo|Win32.ActiveCfg = RelWithDebInfo|Win32
		{1BE97E35-3A7C-49C4-8C71-F59ABC8FE511}.RelWithDebInfo|Win32.Build.0 = RelWithDebInfo|Win32
		{A4B44116-C548-4809-ACA1-0BCCB000B9FB}.Debug|Win32.ActiveCfg = Debug|Win32
		{A4B44116-C548-4809-ACA1-0BCCB000B9FB}.Debug|Win32.Build.0 = Debug|Win32
		{A4B44116-C548-4809-ACA1-0BCCB000B9FB}.MinSizeRel|Win32.ActiveCfg = MinSizeRel|Win32
		{A4B44116-C548-4809-ACA1-0BCCB000B9FB}.MinSizeRel|Win32.Build.0 = MinSizeRel|Win32
		{A4B44116-C548-4809-ACA1-0BCCB000B9FB}.Release|Win32.ActiveCfg = Release|Win32
		{A4B44116-C548-4809-ACA1-0BCCB000B9FB}.Release|Win32.Build.0 = Release|Win32
		{A4B44116-C548-4809-ACA1-0BCCB000B9FB}.RelWithDebInfo|Win32.ActiveCfg = RelWithDebInfo|Win32
		{A4B44116-C548-4809-ACA1-0BCCB000B9FB}.RelWithDebInfo|Win32.Build.0 = RelWithDebInfo|Win32
		{38C9F85D-590D-4042-9242-8EDA45857C10}.Debug|Win32.ActiveCfg = Debug|Win32
		{38C9F85D-590D-4042-9242-8EDA45857C10}.Debug|Win32.Build.0 = Debug|Win32
		{38C9F85D-590D-4042-9242-8EDA45857C10}.MinSizeRel|Win32.ActiveCfg = MinSizeRel|Win32
		{38C9F85D-590D-4042-9242-8EDA45857C10}.MinSizeRel|Win32.Build.0 = MinSizeRel|Win32
		{38C9F85D-590D-4042-9242-8EDA45857C10}.Release|Win32.ActiveCfg = Release|Win32
		{38C9F85D-590D-4042-9242-8EDA45857C10}.Release|Win32.Build.0 = Release|Win32
		{38C9F85D-590D-4042-9242-8EDA45857C10}.RelWithDebInfo|Win32.ActiveCfg = RelWithDebInfo|Win32
		{38C9F85D-590D-4042-9242-8EDA45857C10}.RelWithDebInfo|Win32.Build.0 = RelWithDebInfo|Win32
		{A9D57AE7-E7ED-4131-89D6-F772832ADC76}.Debug|Win32.ActiveCfg = Debug|Win32
		{A9D57AE7-E7ED-4131-89D6-F772832ADC76}.Debug|Win32.Build.0 = Debug|Win32
		{A9D57AE7-E7ED-4131-89D6-F772832ADC76}.MinSizeRel|Win32.ActiveCfg = MinSizeRel|Win32
		{A9D57AE7-E7ED-4131-89D6-F772832ADC76}.MinSizeRel|Win32.Build.0 = MinSizeRel|Win32
		{A9D57AE7-E7ED-4131-89D6-F772832ADC76}.Release|Win32.ActiveCfg = Release|Win32
		{A9D57AE7-E7ED-4131-89D6-F772832ADC76}.Release|Win32.Build.0 = Release|Win32
		{A9D57AE7-E7ED-4131-89D6-F772832ADC76}.RelWithDebInfo|Win32.ActiveCfg = RelWithDebInfo|Win32
		{A9D57AE7-E7ED-4131-89D6-F772832ADC76}.RelWithDebInfo|Win32.Build.0 = RelWithDebInfo|Win32
		{C701A6EB-44C4-4F3D-AADF-68560B555059}.Debug|Win32.ActiveCfg = Debug|Win32
		{C701A6EB-44C4-4F3D-AADF-68560B555059}.Debug|Win32.Build.0 = Debug|Win32
		{C701A6EB-44C4-4F3D-AADF-68560B555059}.MinSizeRel|Win32.ActiveCfg = MinSizeRel|Win32
		{C701A6EB-44C4-4F3D-AADF-68560B555059}.MinSizeRel|Win32.Build.0 = MinSizeRel|Win32
		{C701A6EB-44C4-4F3D-AADF-68560B555059}.Release|Win32.ActiveCfg = Release|Win32
		{C701A6EB-44C4-4F3D-AADF-68560B555059}.Release|Win32.Build.0 = Release|Win32
		{C701A6EB-44C4-4F3D-AADF-68560B555059}.RelWithDebInfo|Win32.ActiveCfg = RelWithDebInfo|Win32
		{C701A6EB-44C4-4F3D-AADF-68560B555059}.RelWithDebInfo|Win32.Build.0 = RelWithDebInfo|Win32
		{E7AF0373-646F-427A-90C3-2B48C31AD862}.Debug|Win32.ActiveCfg = Debug|Win32
		{E7AF0373-646F-427A-90C3-2B48C31AD862}.Debug|Win32.Build.0 = Debug|Win32
		{E7AF0373-646F-427A-90C3-2B48C31AD862}.MinSizeRel|Win32.ActiveCfg = MinSizeRel|Win32
		{E7AF0373-646F-427A-90C3-2B48C31AD862}.MinSizeRel|Win32.Build.0 = MinSizeRel|Win32
		{E7AF0373-646F-427A-90C3-2B48C31AD862}.Release|Win32.ActiveCfg = Release|Win32
		{E7AF0373-646F-427A-90C3-2B48C31AD862}.Release|Win32.Build.0 = Release|Win32
		{E7AF0373-646F-427A-90C3-2B48C31AD862}.RelWithDebInfo|Win32.ActiveCfg = RelWithDebInfo|Win32
		{E7AF0373-646F-427A-90C3-2B48C31AD862}.RelWithDebInfo|Win32.Build.0 = RelWithDebInfo|Win32
		{0E62B650-3054-474C-8E90-B84EAB85C1F9}.Debug|Win32.ActiveCfg = Debug|Win32
		{0E62B650-3054-474C-8E90-B84EAB85C1F9}.Debug|Win32.Build.0 = Debug|Win32
		{0E62B650-3054-474C-8E90-B84EAB85C1F9}.MinSizeRel|Win32.ActiveCfg = MinSizeRel|Win32
		{0E62B650-3054-474C-8E90-B84EAB85C1F9}.MinSizeRel|Win32.Build.0 = MinSizeRel|Win32
		{0E62B650-3054-474C-8E90-B84EAB85C1F9}.Release|Win32.ActiveCfg = Release|Win32
		{0E62B650-3054-474C-8E90-B84EAB85C1F9}.Release|Win32.Build.0 = Release|Win32
		{0E62B650-3054-474C-8E90-B84EAB85C1F9}.RelWithDebInfo|Win32.ActiveCfg = RelWithDebInfo|Win32
		{0E62B650-3054-474C-8E90-B84EAB85C1F9}.RelWithDebInfo|Win32.Build.0 = RelWithDebInfo|Win32
		{57B6C094-DA79-4957-9BA1-0715A4FEBFB3}.Debug|Win32.ActiveCfg = Debug|Win32
		{57B6C094-DA79-4957-9BA1-0715A4FEBFB3}.Debug|Win32.Build.0 = Debug|Win32
		{57B6C094-DA79-4957-9BA1-0715A4FEBFB3}.MinSizeRel|Win32.ActiveCfg = MinSizeRel|Win32
		{57B6C094-DA79-4957-9BA1-0715A4FEBFB3}.MinSizeRel|Win32.Build.0 = MinSizeRel|Win32
		{57B6C094-DA79-4957-9BA1-0715A4FEBFB3}.Release|Win32.ActiveCfg = Release|Win32
		{57B6C094-DA79-4957-9BA1-0715A4FEBFB3}.Release|Win32.Build.0 = Release|Win32
		{57B6C094-DA79-4957-9BA1-0715A4FEBFB3}.RelWithDebInfo|Win32.ActiveCfg = RelWithDebInfo|Win32
		{57B6C094-DA79-4957-9BA1-0715A4FEBFB3}.RelWithDebInfo|Win32.Build.0 = RelWithDebInfo|Win32
		{7E822775-FD04-4579-9EBF-576A9B2BC56D}.Debug|Win32.ActiveCfg = Debug|Win32
		{7E822775-FD04-4579-9EBF-576A9B2BC56D}.Debug|Win32.Build.0 = Debug|Win32
		{7E822775-FD04-4579-9EBF-576A9B2BC56D}.MinSizeRel|Win32.ActiveCfg = MinSizeRel|Win32
		{7E822775-FD04-4579-9EBF-576A9B2BC56D}.MinSizeRel|Win32.Build.0 = MinSizeRel|Win32
		{7E822775-FD04-4579-9EBF-576A9B2BC56D}.Release|Win32.ActiveCfg = Release|Win32
		{7E822775-FD04-4579-9EBF-576A9B2BC56D}.Release|Win32.Build.0 = Release|Win32
		{7E822775-FD04-4579-9EBF-576A9B2BC56D}.RelWithDebInfo|Win32.ActiveCfg = RelWithDebInfo|Win32
		{7E822775-FD04-4579-9EBF-576A9B2BC56D}.RelWithDebInfo|Win32.Build.0 = RelWithDebInfo|Win32
		{8FA9BAC1-EBF7-4737-A6CF-C131AF7EB502}.Debug|Win32.ActiveCfg = Debug|Win32
		{8FA9BAC1-EBF7-4737-A6CF-C131AF7EB502}.Debug|Win32.Build.0 = Debug|Win32
		{8FA9BAC1-EBF7-4737-A6CF-C131AF7EB502}.MinSizeRel|Win32.ActiveCfg = MinSizeRel|Win32
		{8FA9BAC1-EBF7-4737-A6CF-C131AF7EB502}.MinSizeRel|Win32.Build.0 = MinSizeRel|Win32
		{8FA9BAC1-EBF7-4737-A6CF-C131AF7EB502}.Release|Win32.ActiveCfg = Release|Win32
		{8FA9BAC1-EBF7-4737-A6CF-C131AF7EB502}.Release|Win32.Build.0 = Release|Win32
		{8FA9BAC1-EBF7-4737-A6CF-C131AF7EB502}.RelWithDebInfo|Win32.ActiveCfg = RelWithDebInfo|Win32
		{8FA9BAC1-EBF7-4737-A6CF-C131AF7EB502}.RelWithDebInfo|Win32.Build.0 = RelWithDebInfo|Win32
		{68BC2661-37DB-46E5-B635-8B193644B738}.Debug|Win32.ActiveCfg = Debug|Win32
		{68BC2661-37DB-46E5-B635-8B193644B738}.Debug|Win32.Build.0 = Debug|Win32
		{68BC2661-37DB-46E5-B635-8B193644B738}.MinSizeRel|Win32.ActiveCfg = MinSizeRel|Win32
		{68BC2661-37DB-46E5-B635-8B193644B738}.MinSizeRel|Win32.Build.0 = MinSizeRel|Win32
		{68BC2661-37DB-46E5-B635-8B193644B738}.Release|Win32.ActiveCfg = Release|Win32
		{68BC2661-37DB-46E5-B635-8B193644B738}.Release|Win32.Build.0 = Release|Win32
		{68BC2661-37DB-46E5-B635-8B193644B738}.RelWithDebInfo|Win32.ActiveCfg = RelWithDebInfo|Win32
		{68BC2661-37DB-46E5-B635-8B193644B738}.RelWithDebInfo|Win32.Build.0 = RelWithDebInfo|Win32
		{364788FA-0373-43A1-8008-1DC8534C61E8}.Debug|Win32.ActiveCfg = Debug|Win32
		{364788FA-0373-43A1-8008-1DC8534C61E8}.Debug|Win32.Build.0 = Debug|Win32
		{364788FA-0373-43A1-8008-1DC8534C61E8}.MinSizeRel|Win32.ActiveCfg = MinSizeRel|Win32
		{364788FA-0373-43A1-8008-1DC8534C61E8}.MinSizeRel|Win32.Build.0 = MinSizeRel|Win32
		{364788FA-0373-43A1-8008-1DC8534C61E8}.Release|Win32.ActiveCfg = Release|Win32
		{364788FA-0373-43A1-8008-1DC8534C61E8}.Release|Win32.Build.0 = Release|Win32
		{364788FA-0373-43A1-8008-1DC8534C61E8}.RelWithDebInfo|Win32.ActiveCfg = RelWithDebInfo|Win32
		{364788FA-0373-43A1-8008-1DC8534C61E8}.RelWithDebInfo|Win32.Build.0 = RelWithDebInfo|Win32
		{155EB351-173A-4737-9B0C-D676F090CB59}.Debug|Win32.ActiveCfg = Debug|Win32
		{155EB351-173A-4737-9B0C-D676F090CB59}.Debug|Win32.Build.0 = Debug|Win32
		{155EB351-173A-4737-9B0C-D676F090CB59}.MinSizeRel|Win32.ActiveCfg = MinSizeRel|Win32
		{155EB351-173A-4737-9B0C-D676F090CB59}.MinSizeRel|Win32.Build.0 = MinSizeRel|Win32
		{155EB351-173A-4737-9B0C-D676F090CB59}.Release|Win32.ActiveCfg = Release|Win32
		{155EB351-173A-4737-9B0C-D676F090CB59}.Release|Win32.Build.0 = Release|Win32
		{155EB351-173A-4737-9B0C-D676F090CB59}.RelWithDebInfo|Win32.ActiveCfg = RelWithDebInfo|Win32
		{155EB351-173A-4737-9B0C-D676F090CB59}.RelWithDebInfo|Win32.Build.0 = RelWithDebInfo|Win32
		{89F2F64B-51D6-48DD-BE67-4A247ABC69ED}.Debug|Win32.ActiveCfg = Debug|Win32
		{89F2F64B-51D6-48DD-BE67-4A247ABC69ED}.Debug|Win32.Build.0 = Debug|Win32
		{89F2F64B-51D6-48DD-BE67-4A247ABC69ED}.MinSizeRel|Win32.ActiveCfg = MinSizeRel|Win32
		{89F2F64B-51D6-48DD-BE67-4A247ABC69ED}.MinSizeRel|Win32.Build.0 = MinSizeRel|Win32
		{89F2F64B-51D6-48DD-BE67-4A247ABC69ED}.Release|Win32.ActiveCfg = Release|Win32
		{89F2F64B-51D6-48DD-BE67-4A247ABC69ED}.Release|Win32.Build.0 = Release|Win32
		{89F2F64B-51D6-48DD-BE67-4A247ABC69ED}.RelWithDebInfo|Win32.ActiveCfg = RelWithDebInfo|Win32
		{89F2F64B-51D6-48DD-BE67-4A247ABC69ED}.RelWithDebInfo|Win32.Build.0 = RelWithDebInfo|Win32
		{EEEF9F46-265C-46D2-9608-4F72A0BA009A}.Debug|Win32.ActiveCfg = Debug|Win32
		{EEEF9F46-265C-46D2-9608-4F72A0BA009A}.Debug|Win32.Build.0 = Debug|Win32
		{EEEF9F46-265C-46D2-9608-4F72A0BA009A}.MinSizeRel|Win32.ActiveCfg = MinSizeRel|Win32
		{EEEF9F46-265C-46D2-9608-4F72A0BA009A}.MinSizeRel|Win32.Build.0 = MinSizeRel|Win32
		{EEEF9F46-265C-46D2-9608-4F72A0BA009A}.Release|Win32.ActiveCfg = Release|Win32
		{EEEF9F46-265C-46D2-9608-4F72A0BA009A}.Release|Win32.Build.0 = Release|Win32
		{EEEF9F46-265C-46D2-9608-4F72A0BA009A}.RelWithDebInfo|Win32.ActiveCfg = RelWithDebInfo|Win32
		{EEEF9F46-265C-46D2-9608-4F72A0BA009A}.RelWithDebInfo|Win32.Build.0 = RelWithDebInfo|Win32
		{7B2B510F-C3D7-41F7-BFA7-71DCFECF0BA4}.Debug|Win32.ActiveCfg = Debug|Win32
		{7B2B510F-C3D7-41F7-BFA7-71DCFECF0BA4}.Debug|Win32.Build.0 = Debug|Win32
		{7B2B510F-C3D7-41F7-BFA7-71DCFECF0BA4}.MinSizeRel|Win32.ActiveCfg = MinSizeRel|Win32
		{7B2B510F-C3D7-41F7-BFA7-71DCFECF0BA4}.MinSizeRel|Win32.Build.0 = MinSizeRel|Win32
		{7B2B510F-C3D7-41F7-BFA7-71DCFECF0BA4}.Release|Win32.ActiveCfg = Release|Win32
		{7B2B510F-C3D7-41F7-BFA7-71DCFECF0BA4}.Release|Win32.Build.0 = Release|Win32
		{7B2B510F-C3D7-41F7-BFA7-71DCFECF0BA4}.RelWithDebInfo|Win32.ActiveCfg = RelWithDebInfo|Win32
		{7B2B510F-C3D7-41F7-BFA7-71DCFECF0BA4}.RelWithDebInfo|Win32.Build.0 = RelWithDebInfo|Win32
		{CA5203BA-D00B-4F3E-B692-FA56542F58B2}.Debug|Win32.ActiveCfg = Debug|Win32
		{CA5203BA-D00B-4F3E-B692-FA56542F58B2}.Debug|Win32.Build.0 = Debug|Win32
		{CA5203BA-D00B-4F3E-B692-FA56542F58B2}.MinSizeRel|Win32.ActiveCfg = MinSizeRel|Win32
		{CA5203BA-D00B-4F3E-B692-FA56542F58B2}.MinSizeRel|Win32.Build.0 = MinSizeRel|Win32
		{CA5203BA-D00B-4F3E-B692-FA56542F58B2}.Release|Win32.ActiveCfg = Release|Win32
		{CA5203BA-D00B-4F3E-B692-FA56542F58B2}.Release|Win32.Build.0 = Release|Win32
		{CA5203BA-D00B-4F3E-B692-FA56542F58B2}.RelWithDebInfo|Win32.ActiveCfg = RelWithDebInfo|Win32
		{CA5203BA-D00B-4F3E-B692-FA56542F58B2}.RelWithDebInfo|Win32.Build.0 = RelWithDebInfo|Win32
		{437B48EC-1EA2-4087-A91D-B2EB883B0EC8}.Debug|Win32.ActiveCfg = Debug|Win32
		{437B48EC-1EA2-4087-A91D-B2EB883B0EC8}.Debug|Win32.Build.0 = Debug|Win32
		{437B48EC-1EA2-4087-A91D-B2EB883B0EC8}.MinSizeRel|Win32.ActiveCfg = MinSizeRel|Win32
		{437B48EC-1EA2-4087-A91D-B2EB883B0EC8}.MinSizeRel|Win32.Build.0 = MinSizeRel|Win32
		{437B48EC-1EA2-4087-A91D-B2EB883B0EC8}.Release|Win32.ActiveCfg = Release|Win32
		{437B48EC-1EA2-4087-A91D-B2EB883B0EC8}.Release|Win32.Build.0 = Release|Win32
		{437B48EC-1EA2-4087-A91D-B2EB883B0EC8}.RelWithDebInfo|Win32.ActiveCfg = RelWithDebInfo|Win32
		{437B48EC-1EA2-4087-A91D-B2EB883B0EC8}.RelWithDebInfo|Win32.Build.0 = RelWithDebInfo|Win32
	EndGlobalSection
	GlobalSection(SolutionProperties) = preSolution
		HideSolutionNode = FALSE
	EndGlobalSection
EndGlobal
